// !$*UTF8*$!
{
	archiveVersion = 1;
	classes = {
	};
	objectVersion = 46;
	objects = {

/* Begin PBXBuildFile section */
		3E6476561F14A25A007617A2 /* main.m in Sources */ = {isa = PBXBuildFile; fileRef = 3E6476551F14A25A007617A2 /* main.m */; };
		3E6476591F14A25A007617A2 /* AppDelegate.m in Sources */ = {isa = PBXBuildFile; fileRef = 3E6476581F14A25A007617A2 /* AppDelegate.m */; };
		3E6476611F14A25A007617A2 /* Assets.xcassets in Resources */ = {isa = PBXBuildFile; fileRef = 3E6476601F14A25A007617A2 /* Assets.xcassets */; };
		3E6476641F14A25A007617A2 /* LaunchScreen.storyboard in Resources */ = {isa = PBXBuildFile; fileRef = 3E6476621F14A25A007617A2 /* LaunchScreen.storyboard */; };
		3E64766D1F14A28A007617A2 /* RootViewController.m in Sources */ = {isa = PBXBuildFile; fileRef = 3E64766C1F14A28A007617A2 /* RootViewController.m */; };
		3E6476711F14A401007617A2 /* UIButton+ImageTitleStyle.m in Sources */ = {isa = PBXBuildFile; fileRef = 3E6476701F14A401007617A2 /* UIButton+ImageTitleStyle.m */; };
		3E6476751F14A588007617A2 /* ButtonViewController.m in Sources */ = {isa = PBXBuildFile; fileRef = 3E6476741F14A588007617A2 /* ButtonViewController.m */; };
		3E6476771F14A750007617A2 /* img@2x.png in Resources */ = {isa = PBXBuildFile; fileRef = 3E6476761F14A750007617A2 /* img@2x.png */; };
/* End PBXBuildFile section */

/* Begin PBXFileReference section */
		3E6476511F14A25A007617A2 /* DHCategory.app */ = {isa = PBXFileReference; explicitFileType = wrapper.application; includeInIndex = 0; path = DHCategory.app; sourceTree = BUILT_PRODUCTS_DIR; };
		3E6476551F14A25A007617A2 /* main.m */ = {isa = PBXFileReference; lastKnownFileType = sourcecode.c.objc; path = main.m; sourceTree = "<group>"; };
		3E6476571F14A25A007617A2 /* AppDelegate.h */ = {isa = PBXFileReference; lastKnownFileType = sourcecode.c.h; path = AppDelegate.h; sourceTree = "<group>"; };
		3E6476581F14A25A007617A2 /* AppDelegate.m */ = {isa = PBXFileReference; lastKnownFileType = sourcecode.c.objc; path = AppDelegate.m; sourceTree = "<group>"; };
		3E6476601F14A25A007617A2 /* Assets.xcassets */ = {isa = PBXFileReference; lastKnownFileType = folder.assetcatalog; path = Assets.xcassets; sourceTree = "<group>"; };
		3E6476631F14A25A007617A2 /* Base */ = {isa = PBXFileReference; lastKnownFileType = file.storyboard; name = Base; path = Base.lproj/LaunchScreen.storyboard; sourceTree = "<group>"; };
		3E6476651F14A25A007617A2 /* Info.plist */ = {isa = PBXFileReference; lastKnownFileType = text.plist.xml; path = Info.plist; sourceTree = "<group>"; };
		3E64766B1F14A28A007617A2 /* RootViewController.h */ = {isa = PBXFileReference; fileEncoding = 4; lastKnownFileType = sourcecode.c.h; path = RootViewController.h; sourceTree = "<group>"; };
		3E64766C1F14A28A007617A2 /* RootViewController.m */ = {isa = PBXFileReference; fileEncoding = 4; lastKnownFileType = sourcecode.c.objc; path = RootViewController.m; sourceTree = "<group>"; };
		3E64766F1F14A401007617A2 /* UIButton+ImageTitleStyle.h */ = {isa = PBXFileReference; fileEncoding = 4; lastKnownFileType = sourcecode.c.h; path = "UIButton+ImageTitleStyle.h"; sourceTree = "<group>"; };
		3E6476701F14A401007617A2 /* UIButton+ImageTitleStyle.m */ = {isa = PBXFileReference; fileEncoding = 4; lastKnownFileType = sourcecode.c.objc; path = "UIButton+ImageTitleStyle.m"; sourceTree = "<group>"; };
		3E6476731F14A588007617A2 /* ButtonViewController.h */ = {isa = PBXFileReference; fileEncoding = 4; lastKnownFileType = sourcecode.c.h; path = ButtonViewController.h; sourceTree = "<group>"; };
		3E6476741F14A588007617A2 /* ButtonViewController.m */ = {isa = PBXFileReference; fileEncoding = 4; lastKnownFileType = sourcecode.c.objc; path = ButtonViewController.m; sourceTree = "<group>"; };
		3E6476761F14A750007617A2 /* img@2x.png */ = {isa = PBXFileReference; lastKnownFileType = image.png; path = "img@2x.png"; sourceTree = "<group>"; };
/* End PBXFileReference section */

/* Begin PBXFrameworksBuildPhase section */
		3E64764E1F14A25A007617A2 /* Frameworks */ = {
			isa = PBXFrameworksBuildPhase;
			buildActionMask = 2147483647;
			files = (
			);
			runOnlyForDeploymentPostprocessing = 0;
		};
/* End PBXFrameworksBuildPhase section */

/* Begin PBXGroup section */
		3E6476481F14A25A007617A2 = {
			isa = PBXGroup;
			children = (
				3E6476531F14A25A007617A2 /* DHCategory */,
				3E6476521F14A25A007617A2 /* Products */,
			);
			sourceTree = "<group>";
		};
		3E6476521F14A25A007617A2 /* Products */ = {
			isa = PBXGroup;
			children = (
				3E6476511F14A25A007617A2 /* DHCategory.app */,
			);
			name = Products;
			sourceTree = "<group>";
		};
		3E6476531F14A25A007617A2 /* DHCategory */ = {
			isa = PBXGroup;
			children = (
				3E6476761F14A750007617A2 /* img@2x.png */,
				3E6476721F14A57C007617A2 /* ViewController */,
				3E64766E1F14A3EE007617A2 /* Category */,
				3E6476571F14A25A007617A2 /* AppDelegate.h */,
				3E6476581F14A25A007617A2 /* AppDelegate.m */,
				3E64766B1F14A28A007617A2 /* RootViewController.h */,
				3E64766C1F14A28A007617A2 /* RootViewController.m */,
				3E6476601F14A25A007617A2 /* Assets.xcassets */,
				3E6476621F14A25A007617A2 /* LaunchScreen.storyboard */,
				3E6476651F14A25A007617A2 /* Info.plist */,
				3E6476541F14A25A007617A2 /* Supporting Files */,
			);
			path = DHCategory;
			sourceTree = "<group>";
		};
		3E6476541F14A25A007617A2 /* Supporting Files */ = {
			isa = PBXGroup;
			children = (
				3E6476551F14A25A007617A2 /* main.m */,
			);
			name = "Supporting Files";
			sourceTree = "<group>";
		};
		3E64766E1F14A3EE007617A2 /* Category */ = {
			isa = PBXGroup;
			children = (
				3E64766F1F14A401007617A2 /* UIButton+ImageTitleStyle.h */,
				3E6476701F14A401007617A2 /* UIButton+ImageTitleStyle.m */,
			);
			path = Category;
			sourceTree = "<group>";
		};
		3E6476721F14A57C007617A2 /* ViewController */ = {
			isa = PBXGroup;
			children = (
				3E6476731F14A588007617A2 /* ButtonViewController.h */,
				3E6476741F14A588007617A2 /* ButtonViewController.m */,
			);
			path = ViewController;
			sourceTree = "<group>";
		};
/* End PBXGroup section */

/* Begin PBXNativeTarget section */
		3E6476501F14A25A007617A2 /* DHCategory */ = {
			isa = PBXNativeTarget;
			buildConfigurationList = 3E6476681F14A25A007617A2 /* Build configuration list for PBXNativeTarget "DHCategory" */;
			buildPhases = (
				3E64764D1F14A25A007617A2 /* Sources */,
				3E64764E1F14A25A007617A2 /* Frameworks */,
				3E64764F1F14A25A007617A2 /* Resources */,
			);
			buildRules = (
			);
			dependencies = (
			);
			name = DHCategory;
			productName = DHCategory;
			productReference = 3E6476511F14A25A007617A2 /* DHCategory.app */;
			productType = "com.apple.product-type.application";
		};
/* End PBXNativeTarget section */

/* Begin PBXProject section */
		3E6476491F14A25A007617A2 /* Project object */ = {
			isa = PBXProject;
			attributes = {
				LastUpgradeCheck = 0830;
				ORGANIZATIONNAME = Calvin;
				TargetAttributes = {
					3E6476501F14A25A007617A2 = {
						CreatedOnToolsVersion = 8.3.3;
						DevelopmentTeam = PRKPCBLSYK;
						ProvisioningStyle = Automatic;
					};
				};
			};
			buildConfigurationList = 3E64764C1F14A25A007617A2 /* Build configuration list for PBXProject "DHCategory" */;
			compatibilityVersion = "Xcode 3.2";
			developmentRegion = English;
			hasScannedForEncodings = 0;
			knownRegions = (
				en,
				Base,
			);
			mainGroup = 3E6476481F14A25A007617A2;
			productRefGroup = 3E6476521F14A25A007617A2 /* Products */;
			projectDirPath = "";
			projectRoot = "";
			targets = (
				3E6476501F14A25A007617A2 /* DHCategory */,
			);
		};
/* End PBXProject section */

/* Begin PBXResourcesBuildPhase section */
		3E64764F1F14A25A007617A2 /* Resources */ = {
			isa = PBXResourcesBuildPhase;
			buildActionMask = 2147483647;
			files = (
				3E6476771F14A750007617A2 /* img@2x.png in Resources */,
				3E6476641F14A25A007617A2 /* LaunchScreen.storyboard in Resources */,
				3E6476611F14A25A007617A2 /* Assets.xcassets in Resources */,
			);
			runOnlyForDeploymentPostprocessing = 0;
		};
/* End PBXResourcesBuildPhase section */

/* Begin PBXSourcesBuildPhase section */
		3E64764D1F14A25A007617A2 /* Sources */ = {
			isa = PBXSourcesBuildPhase;
			buildActionMask = 2147483647;
			files = (
				3E6476711F14A401007617A2 /* UIButton+ImageTitleStyle.m in Sources */,
				3E6476591F14A25A007617A2 /* AppDelegate.m in Sources */,
				3E64766D1F14A28A007617A2 /* RootViewController.m in Sources */,
				3E6476751F14A588007617A2 /* ButtonViewController.m in Sources */,
				3E6476561F14A25A007617A2 /* main.m in Sources */,
			);
			runOnlyForDeploymentPostprocessing = 0;
		};
/* End PBXSourcesBuildPhase section */

/* Begin PBXVariantGroup section */
		3E6476621F14A25A007617A2 /* LaunchScreen.storyboard */ = {
			isa = PBXVariantGroup;
			children = (
				3E6476631F14A25A007617A2 /* Base */,
			);
			name = LaunchScreen.storyboard;
			sourceTree = "<group>";
		};
/* End PBXVariantGroup section */

/* Begin XCBuildConfiguration section */
		3E6476661F14A25A007617A2 /* Debug */ = {
			isa = XCBuildConfiguration;
			buildSettings = {
				ALWAYS_SEARCH_USER_PATHS = NO;
				CLANG_ANALYZER_NONNULL = YES;
				CLANG_ANALYZER_NUMBER_OBJECT_CONVERSION = YES_AGGRESSIVE;
				CLANG_CXX_LANGUAGE_STANDARD = "gnu++0x";
				CLANG_CXX_LIBRARY = "libc++";
				CLANG_ENABLE_MODULES = YES;
				CLANG_ENABLE_OBJC_ARC = YES;
				CLANG_WARN_BOOL_CONVERSION = YES;
				CLANG_WARN_CONSTANT_CONVERSION = YES;
				CLANG_WARN_DIRECT_OBJC_ISA_USAGE = YES_ERROR;
				CLANG_WARN_DOCUMENTATION_COMMENTS = YES;
				CLANG_WARN_EMPTY_BODY = YES;
				CLANG_WARN_ENUM_CONVERSION = YES;
				CLANG_WARN_INFINITE_RECURSION = YES;
				CLANG_WARN_INT_CONVERSION = YES;
				CLANG_WARN_OBJC_ROOT_CLASS = YES_ERROR;
				CLANG_WARN_SUSPICIOUS_MOVE = YES;
				CLANG_WARN_UNREACHABLE_CODE = YES;
				CLANG_WARN__DUPLICATE_METHOD_MATCH = YES;
				"CODE_SIGN_IDENTITY[sdk=iphoneos*]" = "iPhone Developer";
				COPY_PHASE_STRIP = NO;
				DEBUG_INFORMATION_FORMAT = dwarf;
				ENABLE_STRICT_OBJC_MSGSEND = YES;
				ENABLE_TESTABILITY = YES;
				GCC_C_LANGUAGE_STANDARD = gnu99;
				GCC_DYNAMIC_NO_PIC = NO;
				GCC_NO_COMMON_BLOCKS = YES;
				GCC_OPTIMIZATION_LEVEL = 0;
				GCC_PREPROCESSOR_DEFINITIONS = (
					"DEBUG=1",
					"$(inherited)",
				);
				GCC_WARN_64_TO_32_BIT_CONVERSION = YES;
				GCC_WARN_ABOUT_RETURN_TYPE = YES_ERROR;
				GCC_WARN_UNDECLARED_SELECTOR = YES;
				GCC_WARN_UNINITIALIZED_AUTOS = YES_AGGRESSIVE;
				GCC_WARN_UNUSED_FUNCTION = YES;
				GCC_WARN_UNUSED_VARIABLE = YES;
				IPHONEOS_DEPLOYMENT_TARGET = 10.3;
				MTL_ENABLE_DEBUG_INFO = YES;
				ONLY_ACTIVE_ARCH = YES;
				SDKROOT = iphoneos;
			};
			name = Debug;
		};
		3E6476671F14A25A007617A2 /* Release */ = {
			isa = XCBuildConfiguration;
			buildSettings = {
				ALWAYS_SEARCH_USER_PATHS = NO;
				CLANG_ANALYZER_NONNULL = YES;
				CLANG_ANALYZER_NUMBER_OBJECT_CONVERSION = YES_AGGRESSIVE;
				CLANG_CXX_LANGUAGE_STANDARD = "gnu++0x";
				CLANG_CXX_LIBRARY = "libc++";
				CLANG_ENABLE_MODULES = YES;
				CLANG_ENABLE_OBJC_ARC = YES;
				CLANG_WARN_BOOL_CONVERSION = YES;
				CLANG_WARN_CONSTANT_CONVERSION = YES;
				CLANG_WARN_DIRECT_OBJC_ISA_USAGE = YES_ERROR;
				CLANG_WARN_DOCUMENTATION_COMMENTS = YES;
				CLANG_WARN_EMPTY_BODY = YES;
				CLANG_WARN_ENUM_CONVERSION = YES;
				CLANG_WARN_INFINITE_RECURSION = YES;
				CLANG_WARN_INT_CONVERSION = YES;
				CLANG_WARN_OBJC_ROOT_CLASS = YES_ERROR;
				CLANG_WARN_SUSPICIOUS_MOVE = YES;
				CLANG_WARN_UNREACHABLE_CODE = YES;
				CLANG_WARN__DUPLICATE_METHOD_MATCH = YES;
				"CODE_SIGN_IDENTITY[sdk=iphoneos*]" = "iPhone Developer";
				COPY_PHASE_STRIP = NO;
				DEBUG_INFORMATION_FORMAT = "dwarf-with-dsym";
				ENABLE_NS_ASSERTIONS = NO;
				ENABLE_STRICT_OBJC_MSGSEND = YES;
				GCC_C_LANGUAGE_STANDARD = gnu99;
				GCC_NO_COMMON_BLOCKS = YES;
				GCC_WARN_64_TO_32_BIT_CONVERSION = YES;
				GCC_WARN_ABOUT_RETURN_TYPE = YES_ERROR;
				GCC_WARN_UNDECLARED_SELECTOR = YES;
				GCC_WARN_UNINITIALIZED_AUTOS = YES_AGGRESSIVE;
				GCC_WARN_UNUSED_FUNCTION = YES;
				GCC_WARN_UNUSED_VARIABLE = YES;
				IPHONEOS_DEPLOYMENT_TARGET = 10.3;
				MTL_ENABLE_DEBUG_INFO = NO;
				SDKROOT = iphoneos;
				VALIDATE_PRODUCT = YES;
			};
			name = Release;
		};
		3E6476691F14A25A007617A2 /* Debug */ = {
			isa = XCBuildConfiguration;
			buildSettings = {
				ASSETCATALOG_COMPILER_APPICON_NAME = AppIcon;
				DEVELOPMENT_TEAM = PRKPCBLSYK;
				INFOPLIST_FILE = DHCategory/Info.plist;
				LD_RUNPATH_SEARCH_PATHS = "$(inherited) @executable_path/Frameworks";
				PRODUCT_BUNDLE_IDENTIFIER = com.zhangdinghao.DHCategory;
				PRODUCT_NAME = "$(TARGET_NAME)";
			};
			name = Debug;
		};
		3E64766A1F14A25A007617A2 /* Release */ = {
			isa = XCBuildConfiguration;
			buildSettings = {
				ASSETCATALOG_COMPILER_APPICON_NAME = AppIcon;
				DEVELOPMENT_TEAM = PRKPCBLSYK;
				INFOPLIST_FILE = DHCategory/Info.plist;
				LD_RUNPATH_SEARCH_PATHS = "$(inherited) @executable_path/Frameworks";
				PRODUCT_BUNDLE_IDENTIFIER = com.zhangdinghao.DHCategory;
				PRODUCT_NAME = "$(TARGET_NAME)";
			};
			name = Release;
		};
/* End XCBuildConfiguration section */

/* Begin XCConfigurationList section */
		3E64764C1F14A25A007617A2 /* Build configuration list for PBXProject "DHCategory" */ = {
			isa = XCConfigurationList;
			buildConfigurations = (
				3E6476661F14A25A007617A2 /* Debug */,
				3E6476671F14A25A007617A2 /* Release */,
			);
			defaultConfigurationIsVisible = 0;
			defaultConfigurationName = Release;
		};
		3E6476681F14A25A007617A2 /* Build configuration list for PBXNativeTarget "DHCategory" */ = {
			isa = XCConfigurationList;
			buildConfigurations = (
				3E6476691F14A25A007617A2 /* Debug */,
				3E64766A1F14A25A007617A2 /* Release */,
			);
			defaultConfigurationIsVisible = 0;
			defaultConfigurationName = Release;
		};
/* End XCConfigurationList section */
	};
	rootObject = 3E6476491F14A25A007617A2 /* Project object */;
}
