// !$*UTF8*$!
{
	archiveVersion = 1;
	classes = {
	};
	objectVersion = 46;
	objects = {

/* Begin PBXBuildFile section */
		3EEB88E41E85062B00AA838C /* main.m in Sources */ = {isa = PBXBuildFile; fileRef = 3EEB88E31E85062B00AA838C /* main.m */; };
		3EEB88E71E85062B00AA838C /* AppDelegate.m in Sources */ = {isa = PBXBuildFile; fileRef = 3EEB88E61E85062B00AA838C /* AppDelegate.m */; };
		3EEB88ED1E85062C00AA838C /* Main.storyboard in Resources */ = {isa = PBXBuildFile; fileRef = 3EEB88EB1E85062C00AA838C /* Main.storyboard */; };
		3EEB88EF1E85062C00AA838C /* Assets.xcassets in Resources */ = {isa = PBXBuildFile; fileRef = 3EEB88EE1E85062C00AA838C /* Assets.xcassets */; };
		3EEB88F21E85062C00AA838C /* LaunchScreen.storyboard in Resources */ = {isa = PBXBuildFile; fileRef = 3EEB88F01E85062C00AA838C /* LaunchScreen.storyboard */; };
		3EEB88FC1E85066600AA838C /* DHNavSegmentViewController.m in Sources */ = {isa = PBXBuildFile; fileRef = 3EEB88FB1E85066600AA838C /* DHNavSegmentViewController.m */; };
		3EEB88FF1E85067C00AA838C /* DHSlideView.m in Sources */ = {isa = PBXBuildFile; fileRef = 3EEB88FE1E85067C00AA838C /* DHSlideView.m */; };
		3EEB89021E8506B100AA838C /* UIView+DHExtension.m in Sources */ = {isa = PBXBuildFile; fileRef = 3EEB89011E8506B100AA838C /* UIView+DHExtension.m */; };
		3EEB89051E85073F00AA838C /* UIColor+RGBA.m in Sources */ = {isa = PBXBuildFile; fileRef = 3EEB89041E85073F00AA838C /* UIColor+RGBA.m */; };
		3EEB89081E85084400AA838C /* OneViewController.m in Sources */ = {isa = PBXBuildFile; fileRef = 3EEB89071E85084400AA838C /* OneViewController.m */; };
		3EEB890B1E85084900AA838C /* TwoViewController.m in Sources */ = {isa = PBXBuildFile; fileRef = 3EEB890A1E85084900AA838C /* TwoViewController.m */; };
/* End PBXBuildFile section */

/* Begin PBXFileReference section */
		3EEB88DF1E85062B00AA838C /* DHNavSegment.app */ = {isa = PBXFileReference; explicitFileType = wrapper.application; includeInIndex = 0; path = DHNavSegment.app; sourceTree = BUILT_PRODUCTS_DIR; };
		3EEB88E31E85062B00AA838C /* main.m */ = {isa = PBXFileReference; lastKnownFileType = sourcecode.c.objc; path = main.m; sourceTree = "<group>"; };
		3EEB88E51E85062B00AA838C /* AppDelegate.h */ = {isa = PBXFileReference; lastKnownFileType = sourcecode.c.h; path = AppDelegate.h; sourceTree = "<group>"; };
		3EEB88E61E85062B00AA838C /* AppDelegate.m */ = {isa = PBXFileReference; lastKnownFileType = sourcecode.c.objc; path = AppDelegate.m; sourceTree = "<group>"; };
		3EEB88EC1E85062C00AA838C /* Base */ = {isa = PBXFileReference; lastKnownFileType = file.storyboard; name = Base; path = Base.lproj/Main.storyboard; sourceTree = "<group>"; };
		3EEB88EE1E85062C00AA838C /* Assets.xcassets */ = {isa = PBXFileReference; lastKnownFileType = folder.assetcatalog; path = Assets.xcassets; sourceTree = "<group>"; };
		3EEB88F11E85062C00AA838C /* Base */ = {isa = PBXFileReference; lastKnownFileType = file.storyboard; name = Base; path = Base.lproj/LaunchScreen.storyboard; sourceTree = "<group>"; };
		3EEB88F31E85062C00AA838C /* Info.plist */ = {isa = PBXFileReference; lastKnownFileType = text.plist.xml; path = Info.plist; sourceTree = "<group>"; };
		3EEB88FA1E85066600AA838C /* DHNavSegmentViewController.h */ = {isa = PBXFileReference; fileEncoding = 4; lastKnownFileType = sourcecode.c.h; path = DHNavSegmentViewController.h; sourceTree = "<group>"; };
		3EEB88FB1E85066600AA838C /* DHNavSegmentViewController.m */ = {isa = PBXFileReference; fileEncoding = 4; lastKnownFileType = sourcecode.c.objc; path = DHNavSegmentViewController.m; sourceTree = "<group>"; };
		3EEB88FD1E85067C00AA838C /* DHSlideView.h */ = {isa = PBXFileReference; fileEncoding = 4; lastKnownFileType = sourcecode.c.h; path = DHSlideView.h; sourceTree = "<group>"; };
		3EEB88FE1E85067C00AA838C /* DHSlideView.m */ = {isa = PBXFileReference; fileEncoding = 4; lastKnownFileType = sourcecode.c.objc; path = DHSlideView.m; sourceTree = "<group>"; };
		3EEB89001E8506B100AA838C /* UIView+DHExtension.h */ = {isa = PBXFileReference; fileEncoding = 4; lastKnownFileType = sourcecode.c.h; path = "UIView+DHExtension.h"; sourceTree = "<group>"; };
		3EEB89011E8506B100AA838C /* UIView+DHExtension.m */ = {isa = PBXFileReference; fileEncoding = 4; lastKnownFileType = sourcecode.c.objc; path = "UIView+DHExtension.m"; sourceTree = "<group>"; };
		3EEB89031E85073F00AA838C /* UIColor+RGBA.h */ = {isa = PBXFileReference; fileEncoding = 4; lastKnownFileType = sourcecode.c.h; path = "UIColor+RGBA.h"; sourceTree = "<group>"; };
		3EEB89041E85073F00AA838C /* UIColor+RGBA.m */ = {isa = PBXFileReference; fileEncoding = 4; lastKnownFileType = sourcecode.c.objc; path = "UIColor+RGBA.m"; sourceTree = "<group>"; };
		3EEB89061E85084400AA838C /* OneViewController.h */ = {isa = PBXFileReference; fileEncoding = 4; lastKnownFileType = sourcecode.c.h; path = OneViewController.h; sourceTree = "<group>"; };
		3EEB89071E85084400AA838C /* OneViewController.m */ = {isa = PBXFileReference; fileEncoding = 4; lastKnownFileType = sourcecode.c.objc; path = OneViewController.m; sourceTree = "<group>"; };
		3EEB89091E85084900AA838C /* TwoViewController.h */ = {isa = PBXFileReference; fileEncoding = 4; lastKnownFileType = sourcecode.c.h; path = TwoViewController.h; sourceTree = "<group>"; };
		3EEB890A1E85084900AA838C /* TwoViewController.m */ = {isa = PBXFileReference; fileEncoding = 4; lastKnownFileType = sourcecode.c.objc; path = TwoViewController.m; sourceTree = "<group>"; };
/* End PBXFileReference section */

/* Begin PBXFrameworksBuildPhase section */
		3EEB88DC1E85062B00AA838C /* Frameworks */ = {
			isa = PBXFrameworksBuildPhase;
			buildActionMask = 2147483647;
			files = (
			);
			runOnlyForDeploymentPostprocessing = 0;
		};
/* End PBXFrameworksBuildPhase section */

/* Begin PBXGroup section */
		3EEB88D61E85062B00AA838C = {
			isa = PBXGroup;
			children = (
				3EEB88E11E85062B00AA838C /* DHNavSegment */,
				3EEB88E01E85062B00AA838C /* Products */,
			);
			sourceTree = "<group>";
		};
		3EEB88E01E85062B00AA838C /* Products */ = {
			isa = PBXGroup;
			children = (
				3EEB88DF1E85062B00AA838C /* DHNavSegment.app */,
			);
			name = Products;
			sourceTree = "<group>";
		};
		3EEB88E11E85062B00AA838C /* DHNavSegment */ = {
			isa = PBXGroup;
			children = (
				3EEB88F91E85064300AA838C /* CustomNavSegment */,
				3EEB88E51E85062B00AA838C /* AppDelegate.h */,
				3EEB88E61E85062B00AA838C /* AppDelegate.m */,
				3EEB89061E85084400AA838C /* OneViewController.h */,
				3EEB89071E85084400AA838C /* OneViewController.m */,
				3EEB89091E85084900AA838C /* TwoViewController.h */,
				3EEB890A1E85084900AA838C /* TwoViewController.m */,
				3EEB88EB1E85062C00AA838C /* Main.storyboard */,
				3EEB88EE1E85062C00AA838C /* Assets.xcassets */,
				3EEB88F01E85062C00AA838C /* LaunchScreen.storyboard */,
				3EEB88F31E85062C00AA838C /* Info.plist */,
				3EEB88E21E85062B00AA838C /* Supporting Files */,
			);
			path = DHNavSegment;
			sourceTree = "<group>";
		};
		3EEB88E21E85062B00AA838C /* Supporting Files */ = {
			isa = PBXGroup;
			children = (
				3EEB88E31E85062B00AA838C /* main.m */,
			);
			name = "Supporting Files";
			sourceTree = "<group>";
		};
		3EEB88F91E85064300AA838C /* CustomNavSegment */ = {
			isa = PBXGroup;
			children = (
				3EEB88FA1E85066600AA838C /* DHNavSegmentViewController.h */,
				3EEB88FB1E85066600AA838C /* DHNavSegmentViewController.m */,
				3EEB88FD1E85067C00AA838C /* DHSlideView.h */,
				3EEB88FE1E85067C00AA838C /* DHSlideView.m */,
				3EEB89001E8506B100AA838C /* UIView+DHExtension.h */,
				3EEB89011E8506B100AA838C /* UIView+DHExtension.m */,
				3EEB89031E85073F00AA838C /* UIColor+RGBA.h */,
				3EEB89041E85073F00AA838C /* UIColor+RGBA.m */,
			);
			path = CustomNavSegment;
			sourceTree = "<group>";
		};
/* End PBXGroup section */

/* Begin PBXNativeTarget section */
		3EEB88DE1E85062B00AA838C /* DHNavSegment */ = {
			isa = PBXNativeTarget;
			buildConfigurationList = 3EEB88F61E85062C00AA838C /* Build configuration list for PBXNativeTarget "DHNavSegment" */;
			buildPhases = (
				3EEB88DB1E85062B00AA838C /* Sources */,
				3EEB88DC1E85062B00AA838C /* Frameworks */,
				3EEB88DD1E85062B00AA838C /* Resources */,
			);
			buildRules = (
			);
			dependencies = (
			);
			name = DHNavSegment;
			productName = DHNavSegment;
			productReference = 3EEB88DF1E85062B00AA838C /* DHNavSegment.app */;
			productType = "com.apple.product-type.application";
		};
/* End PBXNativeTarget section */

/* Begin PBXProject section */
		3EEB88D71E85062B00AA838C /* Project object */ = {
			isa = PBXProject;
			attributes = {
				LastUpgradeCheck = 0820;
				ORGANIZATIONNAME = "张丁豪";
				TargetAttributes = {
					3EEB88DE1E85062B00AA838C = {
						CreatedOnToolsVersion = 8.2.1;
						DevelopmentTeam = 974CV8BD8Z;
						ProvisioningStyle = Automatic;
					};
				};
			};
			buildConfigurationList = 3EEB88DA1E85062B00AA838C /* Build configuration list for PBXProject "DHNavSegment" */;
			compatibilityVersion = "Xcode 3.2";
			developmentRegion = English;
			hasScannedForEncodings = 0;
			knownRegions = (
				en,
				Base,
			);
			mainGroup = 3EEB88D61E85062B00AA838C;
			productRefGroup = 3EEB88E01E85062B00AA838C /* Products */;
			projectDirPath = "";
			projectRoot = "";
			targets = (
				3EEB88DE1E85062B00AA838C /* DHNavSegment */,
			);
		};
/* End PBXProject section */

/* Begin PBXResourcesBuildPhase section */
		3EEB88DD1E85062B00AA838C /* Resources */ = {
			isa = PBXResourcesBuildPhase;
			buildActionMask = 2147483647;
			files = (
				3EEB88F21E85062C00AA838C /* LaunchScreen.storyboard in Resources */,
				3EEB88EF1E85062C00AA838C /* Assets.xcassets in Resources */,
				3EEB88ED1E85062C00AA838C /* Main.storyboard in Resources */,
			);
			runOnlyForDeploymentPostprocessing = 0;
		};
/* End PBXResourcesBuildPhase section */

/* Begin PBXSourcesBuildPhase section */
		3EEB88DB1E85062B00AA838C /* Sources */ = {
			isa = PBXSourcesBuildPhase;
			buildActionMask = 2147483647;
			files = (
				3EEB89021E8506B100AA838C /* UIView+DHExtension.m in Sources */,
				3EEB88FF1E85067C00AA838C /* DHSlideView.m in Sources */,
				3EEB88E71E85062B00AA838C /* AppDelegate.m in Sources */,
				3EEB88FC1E85066600AA838C /* DHNavSegmentViewController.m in Sources */,
				3EEB89051E85073F00AA838C /* UIColor+RGBA.m in Sources */,
				3EEB890B1E85084900AA838C /* TwoViewController.m in Sources */,
				3EEB88E41E85062B00AA838C /* main.m in Sources */,
				3EEB89081E85084400AA838C /* OneViewController.m in Sources */,
			);
			runOnlyForDeploymentPostprocessing = 0;
		};
/* End PBXSourcesBuildPhase section */

/* Begin PBXVariantGroup section */
		3EEB88EB1E85062C00AA838C /* Main.storyboard */ = {
			isa = PBXVariantGroup;
			children = (
				3EEB88EC1E85062C00AA838C /* Base */,
			);
			name = Main.storyboard;
			sourceTree = "<group>";
		};
		3EEB88F01E85062C00AA838C /* LaunchScreen.storyboard */ = {
			isa = PBXVariantGroup;
			children = (
				3EEB88F11E85062C00AA838C /* Base */,
			);
			name = LaunchScreen.storyboard;
			sourceTree = "<group>";
		};
/* End PBXVariantGroup section */

/* Begin XCBuildConfiguration section */
		3EEB88F41E85062C00AA838C /* Debug */ = {
			isa = XCBuildConfiguration;
			buildSettings = {
				ALWAYS_SEARCH_USER_PATHS = NO;
				CLANG_ANALYZER_NONNULL = YES;
				CLANG_CXX_LANGUAGE_STANDARD = "gnu++0x";
				CLANG_CXX_LIBRARY = "libc++";
				CLANG_ENABLE_MODULES = YES;
				CLANG_ENABLE_OBJC_ARC = YES;
				CLANG_WARN_BOOL_CONVERSION = YES;
				CLANG_WARN_CONSTANT_CONVERSION = YES;
				CLANG_WARN_DIRECT_OBJC_ISA_USAGE = YES_ERROR;
				CLANG_WARN_DOCUMENTATION_COMMENTS = YES;
				CLANG_WARN_EMPTY_BODY = YES;
				CLANG_WARN_ENUM_CONVERSION = YES;
				CLANG_WARN_INFINITE_RECURSION = YES;
				CLANG_WARN_INT_CONVERSION = YES;
				CLANG_WARN_OBJC_ROOT_CLASS = YES_ERROR;
				CLANG_WARN_SUSPICIOUS_MOVE = YES;
				CLANG_WARN_UNREACHABLE_CODE = YES;
				CLANG_WARN__DUPLICATE_METHOD_MATCH = YES;
				"CODE_SIGN_IDENTITY[sdk=iphoneos*]" = "iPhone Developer";
				COPY_PHASE_STRIP = NO;
				DEBUG_INFORMATION_FORMAT = dwarf;
				ENABLE_STRICT_OBJC_MSGSEND = YES;
				ENABLE_TESTABILITY = YES;
				GCC_C_LANGUAGE_STANDARD = gnu99;
				GCC_DYNAMIC_NO_PIC = NO;
				GCC_NO_COMMON_BLOCKS = YES;
				GCC_OPTIMIZATION_LEVEL = 0;
				GCC_PREPROCESSOR_DEFINITIONS = (
					"DEBUG=1",
					"$(inherited)",
				);
				GCC_WARN_64_TO_32_BIT_CONVERSION = YES;
				GCC_WARN_ABOUT_RETURN_TYPE = YES_ERROR;
				GCC_WARN_UNDECLARED_SELECTOR = YES;
				GCC_WARN_UNINITIALIZED_AUTOS = YES_AGGRESSIVE;
				GCC_WARN_UNUSED_FUNCTION = YES;
				GCC_WARN_UNUSED_VARIABLE = YES;
				IPHONEOS_DEPLOYMENT_TARGET = 10.2;
				MTL_ENABLE_DEBUG_INFO = YES;
				ONLY_ACTIVE_ARCH = YES;
				SDKROOT = iphoneos;
			};
			name = Debug;
		};
		3EEB88F51E85062C00AA838C /* Release */ = {
			isa = XCBuildConfiguration;
			buildSettings = {
				ALWAYS_SEARCH_USER_PATHS = NO;
				CLANG_ANALYZER_NONNULL = YES;
				CLANG_CXX_LANGUAGE_STANDARD = "gnu++0x";
				CLANG_CXX_LIBRARY = "libc++";
				CLANG_ENABLE_MODULES = YES;
				CLANG_ENABLE_OBJC_ARC = YES;
				CLANG_WARN_BOOL_CONVERSION = YES;
				CLANG_WARN_CONSTANT_CONVERSION = YES;
				CLANG_WARN_DIRECT_OBJC_ISA_USAGE = YES_ERROR;
				CLANG_WARN_DOCUMENTATION_COMMENTS = YES;
				CLANG_WARN_EMPTY_BODY = YES;
				CLANG_WARN_ENUM_CONVERSION = YES;
				CLANG_WARN_INFINITE_RECURSION = YES;
				CLANG_WARN_INT_CONVERSION = YES;
				CLANG_WARN_OBJC_ROOT_CLASS = YES_ERROR;
				CLANG_WARN_SUSPICIOUS_MOVE = YES;
				CLANG_WARN_UNREACHABLE_CODE = YES;
				CLANG_WARN__DUPLICATE_METHOD_MATCH = YES;
				"CODE_SIGN_IDENTITY[sdk=iphoneos*]" = "iPhone Developer";
				COPY_PHASE_STRIP = NO;
				DEBUG_INFORMATION_FORMAT = "dwarf-with-dsym";
				ENABLE_NS_ASSERTIONS = NO;
				ENABLE_STRICT_OBJC_MSGSEND = YES;
				GCC_C_LANGUAGE_STANDARD = gnu99;
				GCC_NO_COMMON_BLOCKS = YES;
				GCC_WARN_64_TO_32_BIT_CONVERSION = YES;
				GCC_WARN_ABOUT_RETURN_TYPE = YES_ERROR;
				GCC_WARN_UNDECLARED_SELECTOR = YES;
				GCC_WARN_UNINITIALIZED_AUTOS = YES_AGGRESSIVE;
				GCC_WARN_UNUSED_FUNCTION = YES;
				GCC_WARN_UNUSED_VARIABLE = YES;
				IPHONEOS_DEPLOYMENT_TARGET = 10.2;
				MTL_ENABLE_DEBUG_INFO = NO;
				SDKROOT = iphoneos;
				VALIDATE_PRODUCT = YES;
			};
			name = Release;
		};
		3EEB88F71E85062C00AA838C /* Debug */ = {
			isa = XCBuildConfiguration;
			buildSettings = {
				ASSETCATALOG_COMPILER_APPICON_NAME = AppIcon;
				DEVELOPMENT_TEAM = 974CV8BD8Z;
				INFOPLIST_FILE = DHNavSegment/Info.plist;
				LD_RUNPATH_SEARCH_PATHS = "$(inherited) @executable_path/Frameworks";
				PRODUCT_BUNDLE_IDENTIFIER = com.zhangdinghao.DHNavSegment;
				PRODUCT_NAME = "$(TARGET_NAME)";
			};
			name = Debug;
		};
		3EEB88F81E85062C00AA838C /* Release */ = {
			isa = XCBuildConfiguration;
			buildSettings = {
				ASSETCATALOG_COMPILER_APPICON_NAME = AppIcon;
				DEVELOPMENT_TEAM = 974CV8BD8Z;
				INFOPLIST_FILE = DHNavSegment/Info.plist;
				LD_RUNPATH_SEARCH_PATHS = "$(inherited) @executable_path/Frameworks";
				PRODUCT_BUNDLE_IDENTIFIER = com.zhangdinghao.DHNavSegment;
				PRODUCT_NAME = "$(TARGET_NAME)";
			};
			name = Release;
		};
/* End XCBuildConfiguration section */

/* Begin XCConfigurationList section */
		3EEB88DA1E85062B00AA838C /* Build configuration list for PBXProject "DHNavSegment" */ = {
			isa = XCConfigurationList;
			buildConfigurations = (
				3EEB88F41E85062C00AA838C /* Debug */,
				3EEB88F51E85062C00AA838C /* Release */,
			);
			defaultConfigurationIsVisible = 0;
			defaultConfigurationName = Release;
		};
		3EEB88F61E85062C00AA838C /* Build configuration list for PBXNativeTarget "DHNavSegment" */ = {
			isa = XCConfigurationList;
			buildConfigurations = (
				3EEB88F71E85062C00AA838C /* Debug */,
				3EEB88F81E85062C00AA838C /* Release */,
			);
			defaultConfigurationIsVisible = 0;
		};
/* End XCConfigurationList section */
	};
	rootObject = 3EEB88D71E85062B00AA838C /* Project object */;
}
